Microsoft Visual Studio Solution File, Format Version 12.00
# Visual Studio Version 17
VisualStudioVersion = 17.5.2.0
MinimumVisualStudioVersion = 10.0.40219.1
Project("{FAE04EC0-301F-11D3-BF4B-00C04F79EFBC}") = "mem64", "mem64.csproj", "{1225162B-45D8-073B-3C20-56D8D4A9935C}"
EndProject
Global
	GlobalSection(SolutionConfigurationPlatforms) = preSolution
		Debug|Any CPU = Debug|Any CPU
		Release|Any CPU = Release|Any CPU
	EndGlobalSection
	GlobalSection(ProjectConfigurationPlatforms) = postSolution
		{1225162B-45D8-073B-3C20-56D8D4A9935C}.Debug|Any CPU.ActiveCfg = Debug|Any CPU
		{1225162B-45D8-073B-3C20-56D8D4A9935C}.Debug|Any CPU.Build.0 = Debug|Any CPU
		{1225162B-45D8-073B-3C20-56D8D4A9935C}.Release|Any CPU.ActiveCfg = Release|Any CPU
		{1225162B-45D8-073B-3C20-56D8D4A9935C}.Release|Any CPU.Build.0 = Release|Any CPU
	EndGlobalSection
	GlobalSection(SolutionProperties) = preSolution
		HideSolutionNode = FALSE
	EndGlobalSection
	GlobalSection(ExtensibilityGlobals) = postSolution
		SolutionGuid = {FFCE1799-0E80-4384-BF74-593165847E0D}
	EndGlobalSection
EndGlobal
